
Microsoft Visual Studio Solution File, Format Version 12.00
# Visual Studio Version 16
VisualStudioVersion = 16.0.30104.148
MinimumVisualStudioVersion = 10.0.40219.1
Project("{9A19103F-16F7-4668-BE54-9A1E7A4F7556}") = "RazorPagesUI", "RazorPagesUI\RazorPagesUI.csproj", "{91DD98AE-2DF6-4C2D-A3EB-C958B7D58013}"
EndProject
Global
	GlobalSection(SolutionConfigurationPlatforms) = preSolution
		Debug|Any CPU = Debug|Any CPU
		Release|Any CPU = Release|Any CPU
	EndGlobalSection
	GlobalSection(ProjectConfigurationPlatforms) = postSolution
		{91DD98AE-2DF6-4C2D-A3EB-C958B7D58013}.Debug|Any CPU.ActiveCfg = Debug|Any CPU
		{91DD98AE-2DF6-4C2D-A3EB-C958B7D58013}.Debug|Any CPU.Build.0 = Debug|Any CPU
		{91DD98AE-2DF6-4C2D-A3EB-C958B7D58013}.Release|Any CPU.ActiveCfg = Release|Any CPU
		{91DD98AE-2DF6-4C2D-A3EB-C958B7D58013}.Release|Any CPU.Build.0 = Release|Any CPU
	EndGlobalSection
	GlobalSection(SolutionProperties) = preSolution
		HideSolutionNode = FALSE
	EndGlobalSection
	GlobalSection(ExtensibilityGlobals) = postSolution
		SolutionGuid = {334DA062-B710-4CDA-9306-745066FB15E4}
	EndGlobalSection
EndGlobal
